
Microsoft Visual Studio Solution File, Format Version 12.00
Project("{FAE04EC0-301F-11D3-BF4B-00C04F79EFBC}") = "CleanArchMvc.Domain", "CleanArchMvc.Domain\CleanArchMvc.Domain.csproj", "{B83B06B4-FF07-4BA7-8BF2-8EFEC234E97B}"
EndProject
Project("{FAE04EC0-301F-11D3-BF4B-00C04F79EFBC}") = "CleanArchMvc.Application", "CleanArchMvc.Application\CleanArchMvc.Application.csproj", "{9B1E904D-7F0E-45E7-80DB-FD00CFAFBC10}"
EndProject
Project("{FAE04EC0-301F-11D3-BF4B-00C04F79EFBC}") = "CleanArchMvc.Infra.Data", "CleanArchMvc.Infra.Data\CleanArchMvc.Infra.Data.csproj", "{D97673E0-B81D-4808-B81E-385CE523B7FF}"
EndProject
Project("{FAE04EC0-301F-11D3-BF4B-00C04F79EFBC}") = "CleanArchMvc.Infra.IoC", "CleanArchMvc.Infra.IoC\CleanArchMvc.Infra.IoC.csproj", "{B09B3E7F-C940-42FD-954D-4F5857A68555}"
EndProject
Project("{FAE04EC0-301F-11D3-BF4B-00C04F79EFBC}") = "CleanArchMvc.WebUI", "CleanArchMvc.WebUI\CleanArchMvc.WebUI.csproj", "{3C2740EA-20C5-4312-BD38-62CFE33C7F09}"
EndProject
Project("{FAE04EC0-301F-11D3-BF4B-00C04F79EFBC}") = "CleanArchMvc.Domain.Tests", "CleanArchMvc.Domain.Tests\CleanArchMvc.Domain.Tests.csproj", "{44788FC7-CE8B-4CB0-A80B-964223F3D790}"
EndProject
Global
	GlobalSection(SolutionConfigurationPlatforms) = preSolution
		Debug|Any CPU = Debug|Any CPU
		Release|Any CPU = Release|Any CPU
	EndGlobalSection
	GlobalSection(ProjectConfigurationPlatforms) = postSolution
		{B83B06B4-FF07-4BA7-8BF2-8EFEC234E97B}.Debug|Any CPU.ActiveCfg = Debug|Any CPU
		{B83B06B4-FF07-4BA7-8BF2-8EFEC234E97B}.Debug|Any CPU.Build.0 = Debug|Any CPU
		{B83B06B4-FF07-4BA7-8BF2-8EFEC234E97B}.Release|Any CPU.ActiveCfg = Release|Any CPU
		{B83B06B4-FF07-4BA7-8BF2-8EFEC234E97B}.Release|Any CPU.Build.0 = Release|Any CPU
		{9B1E904D-7F0E-45E7-80DB-FD00CFAFBC10}.Debug|Any CPU.ActiveCfg = Debug|Any CPU
		{9B1E904D-7F0E-45E7-80DB-FD00CFAFBC10}.Debug|Any CPU.Build.0 = Debug|Any CPU
		{9B1E904D-7F0E-45E7-80DB-FD00CFAFBC10}.Release|Any CPU.ActiveCfg = Release|Any CPU
		{9B1E904D-7F0E-45E7-80DB-FD00CFAFBC10}.Release|Any CPU.Build.0 = Release|Any CPU
		{D97673E0-B81D-4808-B81E-385CE523B7FF}.Debug|Any CPU.ActiveCfg = Debug|Any CPU
		{D97673E0-B81D-4808-B81E-385CE523B7FF}.Debug|Any CPU.Build.0 = Debug|Any CPU
		{D97673E0-B81D-4808-B81E-385CE523B7FF}.Release|Any CPU.ActiveCfg = Release|Any CPU
		{D97673E0-B81D-4808-B81E-385CE523B7FF}.Release|Any CPU.Build.0 = Release|Any CPU
		{B09B3E7F-C940-42FD-954D-4F5857A68555}.Debug|Any CPU.ActiveCfg = Debug|Any CPU
		{B09B3E7F-C940-42FD-954D-4F5857A68555}.Debug|Any CPU.Build.0 = Debug|Any CPU
		{B09B3E7F-C940-42FD-954D-4F5857A68555}.Release|Any CPU.ActiveCfg = Release|Any CPU
		{B09B3E7F-C940-42FD-954D-4F5857A68555}.Release|Any CPU.Build.0 = Release|Any CPU
		{3C2740EA-20C5-4312-BD38-62CFE33C7F09}.Debug|Any CPU.ActiveCfg = Debug|Any CPU
		{3C2740EA-20C5-4312-BD38-62CFE33C7F09}.Debug|Any CPU.Build.0 = Debug|Any CPU
		{3C2740EA-20C5-4312-BD38-62CFE33C7F09}.Release|Any CPU.ActiveCfg = Release|Any CPU
		{3C2740EA-20C5-4312-BD38-62CFE33C7F09}.Release|Any CPU.Build.0 = Release|Any CPU
		{44788FC7-CE8B-4CB0-A80B-964223F3D790}.Debug|Any CPU.ActiveCfg = Debug|Any CPU
		{44788FC7-CE8B-4CB0-A80B-964223F3D790}.Debug|Any CPU.Build.0 = Debug|Any CPU
		{44788FC7-CE8B-4CB0-A80B-964223F3D790}.Release|Any CPU.ActiveCfg = Release|Any CPU
		{44788FC7-CE8B-4CB0-A80B-964223F3D790}.Release|Any CPU.Build.0 = Release|Any CPU
	EndGlobalSection
EndGlobal
